Microsoft Visual Studio Solution File, Format Version 11.00
# Visual Studio 2008

Project("{C1D43A1B-8CFA-81C6-B26F-A036E328AF0B}") = "hackathon", "Assembly-CSharp.csproj", "{FDE6064F-EC8F-E124-7276-1178066AFC8B}"
EndProject
Global
	GlobalSection(SolutionConfigurationPlatforms) = preSolution
		Debug|Any CPU = Debug|Any CPU
		Release|Any CPU = Release|Any CPU
	EndGlobalSection
	GlobalSection(ProjectConfigurationPlatforms) = postSolution
		{FDE6064F-EC8F-E124-7276-1178066AFC8B}.Debug|Any CPU.ActiveCfg = Debug|Any CPU
		{FDE6064F-EC8F-E124-7276-1178066AFC8B}.Debug|Any CPU.Build.0 = Debug|Any CPU
		{FDE6064F-EC8F-E124-7276-1178066AFC8B}.Release|Any CPU.ActiveCfg = Release|Any CPU
		{FDE6064F-EC8F-E124-7276-1178066AFC8B}.Release|Any CPU.Build.0 = Release|Any CPU
	EndGlobalSection
	GlobalSection(SolutionProperties) = preSolution
		HideSolutionNode = FALSE
	EndGlobalSection
																																																			GlobalSection(MonoDevelopProperties) = preSolution
=======
																																																								GlobalSection(MonoDevelopProperties) = preSolution
>>>>>>> ef1e787f824ea73519cc5749d7760e405f1f86ef
=======
																																							GlobalSection(MonoDevelopProperties) = preSolution
>>>>>>> 863fe30742b2e9bdab7e084e30be5f82fb758ff3
=======
																																		GlobalSection(MonoDevelopProperties) = preSolution
=======
																											GlobalSection(MonoDevelopProperties) = preSolution
=======
																												GlobalSection(MonoDevelopProperties) = preSolution
>>>>>>> fa9d31d436ea6d8721bea969359011353568a564
>>>>>>> 87e34f4f7cd98e7826b482b2325a518fe4548bdd
=======
																																GlobalSection(MonoDevelopProperties) = preSolution
>>>>>>> 07f57e51cab404a25fe9ba642605eb69edd5f526
>>>>>>> b5e8b8db66816fb0ba595753d0616c65b97b9c54
=======
																		GlobalSection(MonoDevelopProperties) = preSolution
>>>>>>> 637ba6b8ede025ab7d94b43e410853c27705627b
		StartupItem = Assembly-CSharp.csproj
		Policies = $0
		$0.TextStylePolicy = $1
		$1.inheritsSet = null
		$1.scope = text/x-csharp
		$0.CSharpFormattingPolicy = $2
		$2.inheritsSet = Mono
		$2.inheritsScope = text/x-csharp
		$2.scope = text/x-csharp
		$0.TextStylePolicy = $3
		$3.FileWidth = 120
		$3.TabWidth = 4
		$3.IndentWidth = 4
		$3.EolMarker = Unix
		$3.inheritsSet = Mono
		$3.inheritsScope = text/plain
		$3.scope = text/plain
	EndGlobalSection

EndGlobal
